<?xml version="1.0" encoding="UTF-8"?>
<Scheme
   LastUpgradeVersion = "0800"
   version = "1.3">
   <BuildAction
      parallelizeBuildables = "YES"
      buildImplicitDependencies = "YES">
      <BuildActionEntries>
         <BuildActionEntry
            buildForTesting = "YES"
            buildForRunning = "YES"
            buildForProfiling = "YES"
            buildForArchiving = "YES"
            buildForAnalyzing = "YES">
            <BuildableReference
               BuildableIdentifier = "primary"
               BlueprintIdentifier = "28AF68D51ECAA26000EAE2F0"
               BuildableName = "&#x96f6;&#x6d3e;socket.app"
               BlueprintName = "&#x96f6;&#x6d3e;socket"
               ReferencedContainer = "container:&#x96f6;&#x6d3e;socket.xcodeproj">
            </BuildableReference>
         </BuildActionEntry>
      </BuildActionEntries>
   </BuildAction>
   <TestAction
      buildConfiguration = "Debug"
      selectedDebuggerIdentifier = "Xcode.DebuggerFoundation.Debugger.LLDB"
      selectedLauncherIdentifier = "Xcode.DebuggerFoundation.Launcher.LLDB"
      shouldUseLaunchSchemeArgsEnv = "YES">
      <Testables>
         <TestableReference
            skipped = "NO">
            <BuildableReference
               BuildableIdentifier = "primary"
               BlueprintIdentifier = "28AF68EE1ECAA26100EAE2F0"
               BuildableName = "&#x96f6;&#x6d3e;socketTests.xctest"
               BlueprintName = "&#x96f6;&#x6d3e;socketTests"
               ReferencedContainer = "container:&#x96f6;&#x6d3e;socket.xcodeproj">
            </BuildableReference>
         </TestableReference>
         <TestableReference
            skipped = "NO">
            <BuildableReference
               BuildableIdentifier = "primary"
               BlueprintIdentifier = "28AF68F91ECAA26100EAE2F0"
               BuildableName = "&#x96f6;&#x6d3e;socketUITests.xctest"
               BlueprintName = "&#x96f6;&#x6d3e;socketUITests"
               ReferencedContainer = "container:&#x96f6;&#x6d3e;socket.xcodeproj">
            </BuildableReference>
         </TestableReference>
      </Testables>
      <MacroExpansion>
         <BuildableReference
            BuildableIdentifier = "primary"
            BlueprintIdentifier = "28AF68D51ECAA26000EAE2F0"
            BuildableName = "&#x96f6;&#x6d3e;socket.app"
            BlueprintName = "&#x96f6;&#x6d3e;socket"
            ReferencedContainer = "container:&#x96f6;&#x6d3e;socket.xcodeproj">
         </BuildableReference>
      </MacroExpansion>
      <AdditionalOptions>
      </AdditionalOptions>
   </TestAction>
   <LaunchAction
      buildConfiguration = "Debug"
      selectedDebuggerIdentifier = "Xcode.DebuggerFoundation.Debugger.LLDB"
      selectedLauncherIdentifier = "Xcode.DebuggerFoundation.Launcher.LLDB"
      launchStyle = "0"
      useCustomWorkingDirectory = "NO"
      ignoresPersistentStateOnLaunch = "NO"
      debugDocumentVersioning = "YES"
      debugServiceExtension = "internal"
      allowLocationSimulation = "YES">
      <BuildableProductRunnable
         runnableDebuggingMode = "0">
         <BuildableReference
            BuildableIdentifier = "primary"
            BlueprintIdentifier = "28AF68D51ECAA26000EAE2F0"
            BuildableName = "&#x96f6;&#x6d3e;socket.app"
            BlueprintName = "&#x96f6;&#x6d3e;socket"
            ReferencedContainer = "container:&#x96f6;&#x6d3e;socket.xcodeproj">
         </BuildableReference>
      </BuildableProductRunnable>
      <AdditionalOptions>
      </AdditionalOptions>
   </LaunchAction>
   <ProfileAction
      buildConfiguration = "Release"
      shouldUseLaunchSchemeArgsEnv = "YES"
      savedToolIdentifier = ""
      useCustomWorkingDirectory = "NO"
      debugDocumentVersioning = "YES">
      <BuildableProductRunnable
         runnableDebuggingMode = "0">
         <BuildableReference
            BuildableIdentifier = "primary"
            BlueprintIdentifier = "28AF68D51ECAA26000EAE2F0"
            BuildableName = "&#x96f6;&#x6d3e;socket.app"
            BlueprintName = "&#x96f6;&#x6d3e;socket"
            ReferencedContainer = "container:&#x96f6;&#x6d3e;socket.xcodeproj">
         </BuildableReference>
      </BuildableProductRunnable>
   </ProfileAction>
   <AnalyzeAction
      buildConfiguration = "Debug">
   </AnalyzeAction>
   <ArchiveAction
      buildConfiguration = "Release"
      revealArchiveInOrganizer = "YES">
   </ArchiveAction>
</Scheme>
